
Microsoft Visual Studio Solution File, Format Version 12.00
# Visual Studio 2015
Project("{FAE04EC0-301F-11D3-BF4B-00C04F79EFBC}") = "GraphicsPLG", "GraphicsPLG.csproj", "{650C17CD-0852-610B-032B-4718FE6040DA}"
EndProject
Project("{FAE04EC0-301F-11D3-BF4B-00C04F79EFBC}") = "GraphicsPLG.Plugins", "GraphicsPLG.Plugins.csproj", "{360CC4E2-FCA7-604A-8715-953E09F10E06}"
EndProject
Project("{FAE04EC0-301F-11D3-BF4B-00C04F79EFBC}") = "GraphicsPLG.Editor", "GraphicsPLG.Editor.csproj", "{B75B721A-F885-DEE6-4AEB-FE138051D3CD}"
EndProject
Global
	GlobalSection(SolutionConfigurationPlatforms) = preSolution
		Debug|Any CPU = Debug|Any CPU
		Release|Any CPU = Release|Any CPU
	EndGlobalSection
	GlobalSection(ProjectConfigurationPlatforms) = postSolution
		{650C17CD-0852-610B-032B-4718FE6040DA}.Debug|Any CPU.ActiveCfg = Debug|Any CPU
		{650C17CD-0852-610B-032B-4718FE6040DA}.Debug|Any CPU.Build.0 = Debug|Any CPU
		{650C17CD-0852-610B-032B-4718FE6040DA}.Release|Any CPU.ActiveCfg = Release|Any CPU
		{650C17CD-0852-610B-032B-4718FE6040DA}.Release|Any CPU.Build.0 = Release|Any CPU
		{360CC4E2-FCA7-604A-8715-953E09F10E06}.Debug|Any CPU.ActiveCfg = Debug|Any CPU
		{360CC4E2-FCA7-604A-8715-953E09F10E06}.Debug|Any CPU.Build.0 = Debug|Any CPU
		{360CC4E2-FCA7-604A-8715-953E09F10E06}.Release|Any CPU.ActiveCfg = Release|Any CPU
		{360CC4E2-FCA7-604A-8715-953E09F10E06}.Release|Any CPU.Build.0 = Release|Any CPU
		{B75B721A-F885-DEE6-4AEB-FE138051D3CD}.Debug|Any CPU.ActiveCfg = Debug|Any CPU
		{B75B721A-F885-DEE6-4AEB-FE138051D3CD}.Debug|Any CPU.Build.0 = Debug|Any CPU
		{B75B721A-F885-DEE6-4AEB-FE138051D3CD}.Release|Any CPU.ActiveCfg = Release|Any CPU
		{B75B721A-F885-DEE6-4AEB-FE138051D3CD}.Release|Any CPU.Build.0 = Release|Any CPU
	EndGlobalSection
	GlobalSection(SolutionProperties) = preSolution
		HideSolutionNode = FALSE
	EndGlobalSection
EndGlobal
